// !$*UTF8*$!
{
	archiveVersion = 1;
	classes = {
	};
	objectVersion = 55;
	objects = {

/* Begin PBXBuildFile section */
		E61B9DFC287D14E300D97A30 /* SwipeCellKit in Frameworks */ = {isa = PBXBuildFile; productRef = E61B9DFB287D14E300D97A30 /* SwipeCellKit */; };
		E69F8C13286F598B0094371C /* AppDelegate.swift in Sources */ = {isa = PBXBuildFile; fileRef = E69F8C12286F598B0094371C /* AppDelegate.swift */; };
		E69F8C15286F598B0094371C /* SceneDelegate.swift in Sources */ = {isa = PBXBuildFile; fileRef = E69F8C14286F598B0094371C /* SceneDelegate.swift */; };
		E69F8C17286F598B0094371C /* WelcomeViewController.swift in Sources */ = {isa = PBXBuildFile; fileRef = E69F8C16286F598B0094371C /* WelcomeViewController.swift */; };
		E69F8C1A286F598B0094371C /* Main.storyboard in Resources */ = {isa = PBXBuildFile; fileRef = E69F8C18286F598B0094371C /* Main.storyboard */; };
		E69F8C1D286F598C0094371C /* Fitness_Tracker.xcdatamodeld in Sources */ = {isa = PBXBuildFile; fileRef = E69F8C1B286F598C0094371C /* Fitness_Tracker.xcdatamodeld */; };
		E69F8C1F286F598D0094371C /* Assets.xcassets in Resources */ = {isa = PBXBuildFile; fileRef = E69F8C1E286F598D0094371C /* Assets.xcassets */; };
		E69F8C22286F598D0094371C /* LaunchScreen.storyboard in Resources */ = {isa = PBXBuildFile; fileRef = E69F8C20286F598D0094371C /* LaunchScreen.storyboard */; };
		E69F8C2D286F86530094371C /* GoalViewController.swift in Sources */ = {isa = PBXBuildFile; fileRef = E69F8C2C286F86530094371C /* GoalViewController.swift */; };
		E69F8C2F286F95860094371C /* DashboardViewController.swift in Sources */ = {isa = PBXBuildFile; fileRef = E69F8C2E286F95860094371C /* DashboardViewController.swift */; };
		E69F8C31286FAE440094371C /* DiaryViewController.swift in Sources */ = {isa = PBXBuildFile; fileRef = E69F8C30286FAE440094371C /* DiaryViewController.swift */; };
		E69F8C33286FB0E70094371C /* SettingsViewController.swift in Sources */ = {isa = PBXBuildFile; fileRef = E69F8C32286FB0E70094371C /* SettingsViewController.swift */; };
		E69F8C35286FF32F0094371C /* FoodsViewController.swift in Sources */ = {isa = PBXBuildFile; fileRef = E69F8C34286FF32F0094371C /* FoodsViewController.swift */; };
/* End PBXBuildFile section */

/* Begin PBXFileReference section */
		E69F8C0F286F598B0094371C /* Fitness Tracker.app */ = {isa = PBXFileReference; explicitFileType = wrapper.application; includeInIndex = 0; path = "Fitness Tracker.app"; sourceTree = BUILT_PRODUCTS_DIR; };
		E69F8C12286F598B0094371C /* AppDelegate.swift */ = {isa = PBXFileReference; lastKnownFileType = sourcecode.swift; path = AppDelegate.swift; sourceTree = "<group>"; };
		E69F8C14286F598B0094371C /* SceneDelegate.swift */ = {isa = PBXFileReference; lastKnownFileType = sourcecode.swift; path = SceneDelegate.swift; sourceTree = "<group>"; };
		E69F8C16286F598B0094371C /* WelcomeViewController.swift */ = {isa = PBXFileReference; lastKnownFileType = sourcecode.swift; path = WelcomeViewController.swift; sourceTree = "<group>"; };
		E69F8C19286F598B0094371C /* Base */ = {isa = PBXFileReference; lastKnownFileType = file.storyboard; name = Base; path = Base.lproj/Main.storyboard; sourceTree = "<group>"; };
		E69F8C1C286F598C0094371C /* Fitness_Tracker.xcdatamodel */ = {isa = PBXFileReference; lastKnownFileType = wrapper.xcdatamodel; path = Fitness_Tracker.xcdatamodel; sourceTree = "<group>"; };
		E69F8C1E286F598D0094371C /* Assets.xcassets */ = {isa = PBXFileReference; lastKnownFileType = folder.assetcatalog; path = Assets.xcassets; sourceTree = "<group>"; };
		E69F8C21286F598D0094371C /* Base */ = {isa = PBXFileReference; lastKnownFileType = file.storyboard; name = Base; path = Base.lproj/LaunchScreen.storyboard; sourceTree = "<group>"; };
		E69F8C23286F598D0094371C /* Info.plist */ = {isa = PBXFileReference; lastKnownFileType = text.plist.xml; path = Info.plist; sourceTree = "<group>"; };
		E69F8C2C286F86530094371C /* GoalViewController.swift */ = {isa = PBXFileReference; lastKnownFileType = sourcecode.swift; path = GoalViewController.swift; sourceTree = "<group>"; };
		E69F8C2E286F95860094371C /* DashboardViewController.swift */ = {isa = PBXFileReference; lastKnownFileType = sourcecode.swift; path = DashboardViewController.swift; sourceTree = "<group>"; };
		E69F8C30286FAE440094371C /* DiaryViewController.swift */ = {isa = PBXFileReference; lastKnownFileType = sourcecode.swift; path = DiaryViewController.swift; sourceTree = "<group>"; };
		E69F8C32286FB0E70094371C /* SettingsViewController.swift */ = {isa = PBXFileReference; lastKnownFileType = sourcecode.swift; path = SettingsViewController.swift; sourceTree = "<group>"; };
		E69F8C34286FF32F0094371C /* FoodsViewController.swift */ = {isa = PBXFileReference; lastKnownFileType = sourcecode.swift; path = FoodsViewController.swift; sourceTree = "<group>"; };
/* End PBXFileReference section */

/* Begin PBXFrameworksBuildPhase section */
		E69F8C0C286F598B0094371C /* Frameworks */ = {
			isa = PBXFrameworksBuildPhase;
			buildActionMask = 2147483647;
			files = (
				E61B9DFC287D14E300D97A30 /* SwipeCellKit in Frameworks */,
			);
			runOnlyForDeploymentPostprocessing = 0;
		};
/* End PBXFrameworksBuildPhase section */

/* Begin PBXGroup section */
		E69F8C06286F598B0094371C = {
			isa = PBXGroup;
			children = (
				E69F8C11286F598B0094371C /* Fitness Tracker */,
				E69F8C10286F598B0094371C /* Products */,
			);
			sourceTree = "<group>";
		};
		E69F8C10286F598B0094371C /* Products */ = {
			isa = PBXGroup;
			children = (
				E69F8C0F286F598B0094371C /* Fitness Tracker.app */,
			);
			name = Products;
			sourceTree = "<group>";
		};
		E69F8C11286F598B0094371C /* Fitness Tracker */ = {
			isa = PBXGroup;
			children = (
				E69F8C12286F598B0094371C /* AppDelegate.swift */,
				E69F8C14286F598B0094371C /* SceneDelegate.swift */,
				E69F8C2B286F59BD0094371C /* Model */,
				E69F8C2A286F59B80094371C /* View */,
				E69F8C29286F59AE0094371C /* Controller */,
				E69F8C1E286F598D0094371C /* Assets.xcassets */,
				E69F8C20286F598D0094371C /* LaunchScreen.storyboard */,
				E69F8C23286F598D0094371C /* Info.plist */,
			);
			path = "Fitness Tracker";
			sourceTree = "<group>";
		};
		E69F8C29286F59AE0094371C /* Controller */ = {
			isa = PBXGroup;
			children = (
				E69F8C16286F598B0094371C /* WelcomeViewController.swift */,
				E69F8C2C286F86530094371C /* GoalViewController.swift */,
				E69F8C2E286F95860094371C /* DashboardViewController.swift */,
				E69F8C30286FAE440094371C /* DiaryViewController.swift */,
				E69F8C32286FB0E70094371C /* SettingsViewController.swift */,
				E69F8C34286FF32F0094371C /* FoodsViewController.swift */,
			);
			path = Controller;
			sourceTree = "<group>";
		};
		E69F8C2A286F59B80094371C /* View */ = {
			isa = PBXGroup;
			children = (
				E69F8C18286F598B0094371C /* Main.storyboard */,
			);
			path = View;
			sourceTree = "<group>";
		};
		E69F8C2B286F59BD0094371C /* Model */ = {
			isa = PBXGroup;
			children = (
				E69F8C1B286F598C0094371C /* Fitness_Tracker.xcdatamodeld */,
			);
			path = Model;
			sourceTree = "<group>";
		};
/* End PBXGroup section */

/* Begin PBXNativeTarget section */
		E69F8C0E286F598B0094371C /* Fitness Tracker */ = {
			isa = PBXNativeTarget;
			buildConfigurationList = E69F8C26286F598D0094371C /* Build configuration list for PBXNativeTarget "Fitness Tracker" */;
			buildPhases = (
				E69F8C0B286F598B0094371C /* Sources */,
				E69F8C0C286F598B0094371C /* Frameworks */,
				E69F8C0D286F598B0094371C /* Resources */,
			);
			buildRules = (
			);
			dependencies = (
			);
			name = "Fitness Tracker";
			packageProductDependencies = (
				E61B9DFB287D14E300D97A30 /* SwipeCellKit */,
			);
			productName = "Fitness Tracker";
			productReference = E69F8C0F286F598B0094371C /* Fitness Tracker.app */;
			productType = "com.apple.product-type.application";
		};
/* End PBXNativeTarget section */

/* Begin PBXProject section */
		E69F8C07286F598B0094371C /* Project object */ = {
			isa = PBXProject;
			attributes = {
				BuildIndependentTargetsInParallel = 1;
				LastSwiftUpdateCheck = 1340;
				LastUpgradeCheck = 1340;
				TargetAttributes = {
					E69F8C0E286F598B0094371C = {
						CreatedOnToolsVersion = 13.4.1;
					};
				};
			};
			buildConfigurationList = E69F8C0A286F598B0094371C /* Build configuration list for PBXProject "Fitness Tracker" */;
			compatibilityVersion = "Xcode 13.0";
			developmentRegion = en;
			hasScannedForEncodings = 0;
			knownRegions = (
				en,
				Base,
			);
			mainGroup = E69F8C06286F598B0094371C;
			packageReferences = (
				E61B9DFA287D14E300D97A30 /* XCRemoteSwiftPackageReference "SwipeCellKit" */,
			);
			productRefGroup = E69F8C10286F598B0094371C /* Products */;
			projectDirPath = "";
			projectRoot = "";
			targets = (
				E69F8C0E286F598B0094371C /* Fitness Tracker */,
			);
		};
/* End PBXProject section */

/* Begin PBXResourcesBuildPhase section */
		E69F8C0D286F598B0094371C /* Resources */ = {
			isa = PBXResourcesBuildPhase;
			buildActionMask = 2147483647;
			files = (
				E69F8C22286F598D0094371C /* LaunchScreen.storyboard in Resources */,
				E69F8C1F286F598D0094371C /* Assets.xcassets in Resources */,
				E69F8C1A286F598B0094371C /* Main.storyboard in Resources */,
			);
			runOnlyForDeploymentPostprocessing = 0;
		};
/* End PBXResourcesBuildPhase section */

/* Begin PBXSourcesBuildPhase section */
		E69F8C0B286F598B0094371C /* Sources */ = {
			isa = PBXSourcesBuildPhase;
			buildActionMask = 2147483647;
			files = (
				E69F8C17286F598B0094371C /* WelcomeViewController.swift in Sources */,
				E69F8C2F286F95860094371C /* DashboardViewController.swift in Sources */,
				E69F8C2D286F86530094371C /* GoalViewController.swift in Sources */,
				E69F8C35286FF32F0094371C /* FoodsViewController.swift in Sources */,
				E69F8C31286FAE440094371C /* DiaryViewController.swift in Sources */,
				E69F8C13286F598B0094371C /* AppDelegate.swift in Sources */,
				E69F8C15286F598B0094371C /* SceneDelegate.swift in Sources */,
				E69F8C1D286F598C0094371C /* Fitness_Tracker.xcdatamodeld in Sources */,
				E69F8C33286FB0E70094371C /* SettingsViewController.swift in Sources */,
			);
			runOnlyForDeploymentPostprocessing = 0;
		};
/* End PBXSourcesBuildPhase section */

/* Begin PBXVariantGroup section */
		E69F8C18286F598B0094371C /* Main.storyboard */ = {
			isa = PBXVariantGroup;
			children = (
				E69F8C19286F598B0094371C /* Base */,
			);
			name = Main.storyboard;
			sourceTree = "<group>";
		};
		E69F8C20286F598D0094371C /* LaunchScreen.storyboard */ = {
			isa = PBXVariantGroup;
			children = (
				E69F8C21286F598D0094371C /* Base */,
			);
			name = LaunchScreen.storyboard;
			sourceTree = "<group>";
		};
/* End PBXVariantGroup section */

/* Begin XCBuildConfiguration section */
		E69F8C24286F598D0094371C /* Debug */ = {
			isa = XCBuildConfiguration;
			buildSettings = {
				ALWAYS_SEARCH_USER_PATHS = NO;
				CLANG_ANALYZER_NONNULL = YES;
				CLANG_ANALYZER_NUMBER_OBJECT_CONVERSION = YES_AGGRESSIVE;
				CLANG_CXX_LANGUAGE_STANDARD = "gnu++17";
				CLANG_ENABLE_MODULES = YES;
				CLANG_ENABLE_OBJC_ARC = YES;
				CLANG_ENABLE_OBJC_WEAK = YES;
				CLANG_WARN_BLOCK_CAPTURE_AUTORELEASING = YES;
				CLANG_WARN_BOOL_CONVERSION = YES;
				CLANG_WARN_COMMA = YES;
				CLANG_WARN_CONSTANT_CONVERSION = YES;
				CLANG_WARN_DEPRECATED_OBJC_IMPLEMENTATIONS = YES;
				CLANG_WARN_DIRECT_OBJC_ISA_USAGE = YES_ERROR;
				CLANG_WARN_DOCUMENTATION_COMMENTS = YES;
				CLANG_WARN_EMPTY_BODY = YES;
				CLANG_WARN_ENUM_CONVERSION = YES;
				CLANG_WARN_INFINITE_RECURSION = YES;
				CLANG_WARN_INT_CONVERSION = YES;
				CLANG_WARN_NON_LITERAL_NULL_CONVERSION = YES;
				CLANG_WARN_OBJC_IMPLICIT_RETAIN_SELF = YES;
				CLANG_WARN_OBJC_LITERAL_CONVERSION = YES;
				CLANG_WARN_OBJC_ROOT_CLASS = YES_ERROR;
				CLANG_WARN_QUOTED_INCLUDE_IN_FRAMEWORK_HEADER = YES;
				CLANG_WARN_RANGE_LOOP_ANALYSIS = YES;
				CLANG_WARN_STRICT_PROTOTYPES = YES;
				CLANG_WARN_SUSPICIOUS_MOVE = YES;
				CLANG_WARN_UNGUARDED_AVAILABILITY = YES_AGGRESSIVE;
				CLANG_WARN_UNREACHABLE_CODE = YES;
				CLANG_WARN__DUPLICATE_METHOD_MATCH = YES;
				COPY_PHASE_STRIP = NO;
				DEBUG_INFORMATION_FORMAT = dwarf;
				ENABLE_STRICT_OBJC_MSGSEND = YES;
				ENABLE_TESTABILITY = YES;
				GCC_C_LANGUAGE_STANDARD = gnu11;
				GCC_DYNAMIC_NO_PIC = NO;
				GCC_NO_COMMON_BLOCKS = YES;
				GCC_OPTIMIZATION_LEVEL = 0;
				GCC_PREPROCESSOR_DEFINITIONS = (
					"DEBUG=1",
					"$(inherited)",
				);
				GCC_WARN_64_TO_32_BIT_CONVERSION = YES;
				GCC_WARN_ABOUT_RETURN_TYPE = YES_ERROR;
				GCC_WARN_UNDECLARED_SELECTOR = YES;
				GCC_WARN_UNINITIALIZED_AUTOS = YES_AGGRESSIVE;
				GCC_WARN_UNUSED_FUNCTION = YES;
				GCC_WARN_UNUSED_VARIABLE = YES;
				IPHONEOS_DEPLOYMENT_TARGET = 15.5;
				MTL_ENABLE_DEBUG_INFO = INCLUDE_SOURCE;
				MTL_FAST_MATH = YES;
				ONLY_ACTIVE_ARCH = YES;
				SDKROOT = iphoneos;
				SWIFT_ACTIVE_COMPILATION_CONDITIONS = DEBUG;
				SWIFT_OPTIMIZATION_LEVEL = "-Onone";
			};
			name = Debug;
		};
		E69F8C25286F598D0094371C /* Release */ = {
			isa = XCBuildConfiguration;
			buildSettings = {
				ALWAYS_SEARCH_USER_PATHS = NO;
				CLANG_ANALYZER_NONNULL = YES;
				CLANG_ANALYZER_NUMBER_OBJECT_CONVERSION = YES_AGGRESSIVE;
				CLANG_CXX_LANGUAGE_STANDARD = "gnu++17";
				CLANG_ENABLE_MODULES = YES;
				CLANG_ENABLE_OBJC_ARC = YES;
				CLANG_ENABLE_OBJC_WEAK = YES;
				CLANG_WARN_BLOCK_CAPTURE_AUTORELEASING = YES;
				CLANG_WARN_BOOL_CONVERSION = YES;
				CLANG_WARN_COMMA = YES;
				CLANG_WARN_CONSTANT_CONVERSION = YES;
				CLANG_WARN_DEPRECATED_OBJC_IMPLEMENTATIONS = YES;
				CLANG_WARN_DIRECT_OBJC_ISA_USAGE = YES_ERROR;
				CLANG_WARN_DOCUMENTATION_COMMENTS = YES;
				CLANG_WARN_EMPTY_BODY = YES;
				CLANG_WARN_ENUM_CONVERSION = YES;
				CLANG_WARN_INFINITE_RECURSION = YES;
				CLANG_WARN_INT_CONVERSION = YES;
				CLANG_WARN_NON_LITERAL_NULL_CONVERSION = YES;
				CLANG_WARN_OBJC_IMPLICIT_RETAIN_SELF = YES;
				CLANG_WARN_OBJC_LITERAL_CONVERSION = YES;
				CLANG_WARN_OBJC_ROOT_CLASS = YES_ERROR;
				CLANG_WARN_QUOTED_INCLUDE_IN_FRAMEWORK_HEADER = YES;
				CLANG_WARN_RANGE_LOOP_ANALYSIS = YES;
				CLANG_WARN_STRICT_PROTOTYPES = YES;
				CLANG_WARN_SUSPICIOUS_MOVE = YES;
				CLANG_WARN_UNGUARDED_AVAILABILITY = YES_AGGRESSIVE;
				CLANG_WARN_UNREACHABLE_CODE = YES;
				CLANG_WARN__DUPLICATE_METHOD_MATCH = YES;
				COPY_PHASE_STRIP = NO;
				DEBUG_INFORMATION_FORMAT = "dwarf-with-dsym";
				ENABLE_NS_ASSERTIONS = NO;
				ENABLE_STRICT_OBJC_MSGSEND = YES;
				GCC_C_LANGUAGE_STANDARD = gnu11;
				GCC_NO_COMMON_BLOCKS = YES;
				GCC_WARN_64_TO_32_BIT_CONVERSION = YES;
				GCC_WARN_ABOUT_RETURN_TYPE = YES_ERROR;
				GCC_WARN_UNDECLARED_SELECTOR = YES;
				GCC_WARN_UNINITIALIZED_AUTOS = YES_AGGRESSIVE;
				GCC_WARN_UNUSED_FUNCTION = YES;
				GCC_WARN_UNUSED_VARIABLE = YES;
				IPHONEOS_DEPLOYMENT_TARGET = 15.5;
				MTL_ENABLE_DEBUG_INFO = NO;
				MTL_FAST_MATH = YES;
				SDKROOT = iphoneos;
				SWIFT_COMPILATION_MODE = wholemodule;
				SWIFT_OPTIMIZATION_LEVEL = "-O";
				VALIDATE_PRODUCT = YES;
			};
			name = Release;
		};
		E69F8C27286F598D0094371C /* Debug */ = {
			isa = XCBuildConfiguration;
			buildSettings = {
				ASSETCATALOG_COMPILER_APPICON_NAME = AppIcon;
				ASSETCATALOG_COMPILER_GLOBAL_ACCENT_COLOR_NAME = AccentColor;
				CODE_SIGN_STYLE = Automatic;
				CURRENT_PROJECT_VERSION = 1;
				DEVELOPMENT_TEAM = 64QS8TW84P;
				GENERATE_INFOPLIST_FILE = YES;
				INFOPLIST_FILE = "Fitness Tracker/Info.plist";
				INFOPLIST_KEY_CFBundleDisplayName = "Fitness Tracker";
				INFOPLIST_KEY_UIApplicationSupportsIndirectInputEvents = YES;
				INFOPLIST_KEY_UILaunchStoryboardName = LaunchScreen;
				INFOPLIST_KEY_UIMainStoryboardFile = Main;
				INFOPLIST_KEY_UISupportedInterfaceOrientations = UIInterfaceOrientationPortrait;
				INFOPLIST_KEY_UISupportedInterfaceOrientations_iPad = "UIInterfaceOrientationPortrait UIInterfaceOrientationPortraitUpsideDown UIInterfaceOrientationLandscapeLeft UIInterfaceOrientationLandscapeRight";
				INFOPLIST_KEY_UISupportedInterfaceOrientations_iPhone = "UIInterfaceOrientationPortrait UIInterfaceOrientationLandscapeLeft UIInterfaceOrientationLandscapeRight";
				LD_RUNPATH_SEARCH_PATHS = (
					"$(inherited)",
					"@executable_path/Frameworks",
				);
				MARKETING_VERSION = 1.0;
				PRODUCT_BUNDLE_IDENTIFIER = "co.petariliev.Fitness-Tracker";
				PRODUCT_NAME = "$(TARGET_NAME)";
				SWIFT_EMIT_LOC_STRINGS = YES;
				SWIFT_VERSION = 5.0;
				TARGETED_DEVICE_FAMILY = "1,2";
			};
			name = Debug;
		};
		E69F8C28286F598D0094371C /* Release */ = {
			isa = XCBuildConfiguration;
			buildSettings = {
				ASSETCATALOG_COMPILER_APPICON_NAME = AppIcon;
				ASSETCATALOG_COMPILER_GLOBAL_ACCENT_COLOR_NAME = AccentColor;
				CODE_SIGN_STYLE = Automatic;
				CURRENT_PROJECT_VERSION = 1;
				DEVELOPMENT_TEAM = 64QS8TW84P;
				GENERATE_INFOPLIST_FILE = YES;
				INFOPLIST_FILE = "Fitness Tracker/Info.plist";
				INFOPLIST_KEY_CFBundleDisplayName = "Fitness Tracker";
				INFOPLIST_KEY_UIApplicationSupportsIndirectInputEvents = YES;
				INFOPLIST_KEY_UILaunchStoryboardName = LaunchScreen;
				INFOPLIST_KEY_UIMainStoryboardFile = Main;
				INFOPLIST_KEY_UISupportedInterfaceOrientations = UIInterfaceOrientationPortrait;
				INFOPLIST_KEY_UISupportedInterfaceOrientations_iPad = "UIInterfaceOrientationPortrait UIInterfaceOrientationPortraitUpsideDown UIInterfaceOrientationLandscapeLeft UIInterfaceOrientationLandscapeRight";
				INFOPLIST_KEY_UISupportedInterfaceOrientations_iPhone = "UIInterfaceOrientationPortrait UIInterfaceOrientationLandscapeLeft UIInterfaceOrientationLandscapeRight";
				LD_RUNPATH_SEARCH_PATHS = (
					"$(inherited)",
					"@executable_path/Frameworks",
				);
				MARKETING_VERSION = 1.0;
				PRODUCT_BUNDLE_IDENTIFIER = "co.petariliev.Fitness-Tracker";
				PRODUCT_NAME = "$(TARGET_NAME)";
				SWIFT_EMIT_LOC_STRINGS = YES;
				SWIFT_VERSION = 5.0;
				TARGETED_DEVICE_FAMILY = "1,2";
			};
			name = Release;
		};
/* End XCBuildConfiguration section */

/* Begin XCConfigurationList section */
		E69F8C0A286F598B0094371C /* Build configuration list for PBXProject "Fitness Tracker" */ = {
			isa = XCConfigurationList;
			buildConfigurations = (
				E69F8C24286F598D0094371C /* Debug */,
				E69F8C25286F598D0094371C /* Release */,
			);
			defaultConfigurationIsVisible = 0;
			defaultConfigurationName = Release;
		};
		E69F8C26286F598D0094371C /* Build configuration list for PBXNativeTarget "Fitness Tracker" */ = {
			isa = XCConfigurationList;
			buildConfigurations = (
				E69F8C27286F598D0094371C /* Debug */,
				E69F8C28286F598D0094371C /* Release */,
			);
			defaultConfigurationIsVisible = 0;
			defaultConfigurationName = Release;
		};
/* End XCConfigurationList section */

/* Begin XCRemoteSwiftPackageReference section */
		E61B9DFA287D14E300D97A30 /* XCRemoteSwiftPackageReference "SwipeCellKit" */ = {
			isa = XCRemoteSwiftPackageReference;
			repositoryURL = "https://github.com/SwipeCellKit/SwipeCellKit";
			requirement = {
				kind = upToNextMajorVersion;
				minimumVersion = 2.0.0;
			};
		};
/* End XCRemoteSwiftPackageReference section */

/* Begin XCSwiftPackageProductDependency section */
		E61B9DFB287D14E300D97A30 /* SwipeCellKit */ = {
			isa = XCSwiftPackageProductDependency;
			package = E61B9DFA287D14E300D97A30 /* XCRemoteSwiftPackageReference "SwipeCellKit" */;
			productName = SwipeCellKit;
		};
/* End XCSwiftPackageProductDependency section */

/* Begin XCVersionGroup section */
		E69F8C1B286F598C0094371C /* Fitness_Tracker.xcdatamodeld */ = {
			isa = XCVersionGroup;
			children = (
				E69F8C1C286F598C0094371C /* Fitness_Tracker.xcdatamodel */,
			);
			currentVersion = E69F8C1C286F598C0094371C /* Fitness_Tracker.xcdatamodel */;
			path = Fitness_Tracker.xcdatamodeld;
			sourceTree = "<group>";
			versionGroupType = wrapper.xcdatamodel;
		};
/* End XCVersionGroup section */
	};
	rootObject = E69F8C07286F598B0094371C /* Project object */;
}
